
Microsoft Visual Studio Solution File, Format Version 12.00
# Visual Studio Version 16
VisualStudioVersion = 25.0.1704.1
MinimumVisualStudioVersion = 10.0.40219.1
Project("{FAE04EC0-301F-11D3-BF4B-00C04F79EFBC}") = "EmployeeWageProblem", "EmployeeWageProblem\EmployeeWageProblem.csproj", "{F077CADB-A217-47AB-A2D0-EF549B061804}"
EndProject
Global
	GlobalSection(SolutionConfigurationPlatforms) = preSolution
		Debug|Any CPU = Debug|Any CPU
		Release|Any CPU = Release|Any CPU
	EndGlobalSection
	GlobalSection(ProjectConfigurationPlatforms) = postSolution
		{F077CADB-A217-47AB-A2D0-EF549B061804}.Debug|Any CPU.ActiveCfg = Debug|Any CPU
		{F077CADB-A217-47AB-A2D0-EF549B061804}.Debug|Any CPU.Build.0 = Debug|Any CPU
		{F077CADB-A217-47AB-A2D0-EF549B061804}.Release|Any CPU.ActiveCfg = Release|Any CPU
		{F077CADB-A217-47AB-A2D0-EF549B061804}.Release|Any CPU.Build.0 = Release|Any CPU
	EndGlobalSection
	GlobalSection(SolutionProperties) = preSolution
		HideSolutionNode = FALSE
	EndGlobalSection
	GlobalSection(ExtensibilityGlobals) = postSolution
		SolutionGuid = {9675139E-D7D9-4EAE-BFD7-0F89D1EF8497}
	EndGlobalSection
EndGlobal
